
Microsoft Visual Studio Solution File, Format Version 12.00
# Visual Studio Version 16
Project("{2150E333-8FDC-42A3-9474-1A3956D46DE8}") = "3rd_party", "3rd_party", "{3FE23DC5-EA43-3A59-A194-8448F98FCEB4}"
EndProject
Project("{2150E333-8FDC-42A3-9474-1A3956D46DE8}") = "CMakePredefinedTargets", "CMakePredefinedTargets", "{C2A42D8B-1532-3D57-A1C9-124C4CE21DD9}"
EndProject
Project("{2150E333-8FDC-42A3-9474-1A3956D46DE8}") = "easy3d", "easy3d", "{04F5F51A-BBF7-39A2-ABC2-8609A3FB2BAF}"
EndProject
Project("{8BC9CEB8-8B4A-11D0-8D11-00A0C91BC942}") = "ALL_BUILD", "ALL_BUILD.vcxproj", "{54F76C09-3A6E-3E9B-AFDA-0461B33AD171}"
	ProjectSection(ProjectDependencies) = postProject
		{BA2F224A-60E7-3C3E-A1B6-9C8AE769AC20} = {BA2F224A-60E7-3C3E-A1B6-9C8AE769AC20}
		{ADEFB7E9-1042-342F-B665-DEBB5ED874C5} = {ADEFB7E9-1042-342F-B665-DEBB5ED874C5}
		{18563CF8-3314-37CD-9FF2-946865D840FC} = {18563CF8-3314-37CD-9FF2-946865D840FC}
		{33206496-8A6C-3D5D-98EC-6B5E29E79D5F} = {33206496-8A6C-3D5D-98EC-6B5E29E79D5F}
		{A3C98718-316B-3D4E-ABB7-3B88AB48466F} = {A3C98718-316B-3D4E-ABB7-3B88AB48466F}
		{5305AC61-165F-3F92-B4D1-777F085F481C} = {5305AC61-165F-3F92-B4D1-777F085F481C}
		{81EB0F03-3565-3592-A94E-E106932841F0} = {81EB0F03-3565-3592-A94E-E106932841F0}
		{EDD76B4D-B0C8-36D7-A370-BAA402EDA6C8} = {EDD76B4D-B0C8-36D7-A370-BAA402EDA6C8}
		{AF5731C8-984A-3796-BA67-838C12A76D64} = {AF5731C8-984A-3796-BA67-838C12A76D64}
	EndProjectSection
EndProject
Project("{8BC9CEB8-8B4A-11D0-8D11-00A0C91BC942}") = "3rd_glew", "3rd_party\glew\3rd_glew.vcxproj", "{BA2F224A-60E7-3C3E-A1B6-9C8AE769AC20}"
	ProjectSection(ProjectDependencies) = postProject
		{A3C98718-316B-3D4E-ABB7-3B88AB48466F} = {A3C98718-316B-3D4E-ABB7-3B88AB48466F}
	EndProjectSection
EndProject
Project("{8BC9CEB8-8B4A-11D0-8D11-00A0C91BC942}") = "3rd_glfw", "3rd_party\glfw\src\3rd_glfw.vcxproj", "{ADEFB7E9-1042-342F-B665-DEBB5ED874C5}"
	ProjectSection(ProjectDependencies) = postProject
		{A3C98718-316B-3D4E-ABB7-3B88AB48466F} = {A3C98718-316B-3D4E-ABB7-3B88AB48466F}
	EndProjectSection
EndProject
Project("{8BC9CEB8-8B4A-11D0-8D11-00A0C91BC942}") = "3rd_glog", "3rd_party\glog\3rd_glog.vcxproj", "{18563CF8-3314-37CD-9FF2-946865D840FC}"
	ProjectSection(ProjectDependencies) = postProject
		{A3C98718-316B-3D4E-ABB7-3B88AB48466F} = {A3C98718-316B-3D4E-ABB7-3B88AB48466F}
	EndProjectSection
EndProject
Project("{8BC9CEB8-8B4A-11D0-8D11-00A0C91BC942}") = "Calibration", "Calibration\Calibration.vcxproj", "{33206496-8A6C-3D5D-98EC-6B5E29E79D5F}"
	ProjectSection(ProjectDependencies) = postProject
		{BA2F224A-60E7-3C3E-A1B6-9C8AE769AC20} = {BA2F224A-60E7-3C3E-A1B6-9C8AE769AC20}
		{ADEFB7E9-1042-342F-B665-DEBB5ED874C5} = {ADEFB7E9-1042-342F-B665-DEBB5ED874C5}
		{18563CF8-3314-37CD-9FF2-946865D840FC} = {18563CF8-3314-37CD-9FF2-946865D840FC}
		{A3C98718-316B-3D4E-ABB7-3B88AB48466F} = {A3C98718-316B-3D4E-ABB7-3B88AB48466F}
		{5305AC61-165F-3F92-B4D1-777F085F481C} = {5305AC61-165F-3F92-B4D1-777F085F481C}
		{81EB0F03-3565-3592-A94E-E106932841F0} = {81EB0F03-3565-3592-A94E-E106932841F0}
		{EDD76B4D-B0C8-36D7-A370-BAA402EDA6C8} = {EDD76B4D-B0C8-36D7-A370-BAA402EDA6C8}
		{AF5731C8-984A-3796-BA67-838C12A76D64} = {AF5731C8-984A-3796-BA67-838C12A76D64}
	EndProjectSection
EndProject
Project("{8BC9CEB8-8B4A-11D0-8D11-00A0C91BC942}") = "ZERO_CHECK", "ZERO_CHECK.vcxproj", "{A3C98718-316B-3D4E-ABB7-3B88AB48466F}"
	ProjectSection(ProjectDependencies) = postProject
	EndProjectSection
EndProject
Project("{8BC9CEB8-8B4A-11D0-8D11-00A0C91BC942}") = "easy3d_core", "easy3d\core\easy3d_core.vcxproj", "{5305AC61-165F-3F92-B4D1-777F085F481C}"
	ProjectSection(ProjectDependencies) = postProject
		{18563CF8-3314-37CD-9FF2-946865D840FC} = {18563CF8-3314-37CD-9FF2-946865D840FC}
		{A3C98718-316B-3D4E-ABB7-3B88AB48466F} = {A3C98718-316B-3D4E-ABB7-3B88AB48466F}
		{EDD76B4D-B0C8-36D7-A370-BAA402EDA6C8} = {EDD76B4D-B0C8-36D7-A370-BAA402EDA6C8}
	EndProjectSection
EndProject
Project("{8BC9CEB8-8B4A-11D0-8D11-00A0C91BC942}") = "easy3d_fileio", "easy3d\fileio\easy3d_fileio.vcxproj", "{81EB0F03-3565-3592-A94E-E106932841F0}"
	ProjectSection(ProjectDependencies) = postProject
		{18563CF8-3314-37CD-9FF2-946865D840FC} = {18563CF8-3314-37CD-9FF2-946865D840FC}
		{A3C98718-316B-3D4E-ABB7-3B88AB48466F} = {A3C98718-316B-3D4E-ABB7-3B88AB48466F}
		{5305AC61-165F-3F92-B4D1-777F085F481C} = {5305AC61-165F-3F92-B4D1-777F085F481C}
		{EDD76B4D-B0C8-36D7-A370-BAA402EDA6C8} = {EDD76B4D-B0C8-36D7-A370-BAA402EDA6C8}
	EndProjectSection
EndProject
Project("{8BC9CEB8-8B4A-11D0-8D11-00A0C91BC942}") = "easy3d_util", "easy3d\util\easy3d_util.vcxproj", "{EDD76B4D-B0C8-36D7-A370-BAA402EDA6C8}"
	ProjectSection(ProjectDependencies) = postProject
		{18563CF8-3314-37CD-9FF2-946865D840FC} = {18563CF8-3314-37CD-9FF2-946865D840FC}
		{A3C98718-316B-3D4E-ABB7-3B88AB48466F} = {A3C98718-316B-3D4E-ABB7-3B88AB48466F}
	EndProjectSection
EndProject
Project("{8BC9CEB8-8B4A-11D0-8D11-00A0C91BC942}") = "easy3d_viewer", "easy3d\viewer\easy3d_viewer.vcxproj", "{AF5731C8-984A-3796-BA67-838C12A76D64}"
	ProjectSection(ProjectDependencies) = postProject
		{BA2F224A-60E7-3C3E-A1B6-9C8AE769AC20} = {BA2F224A-60E7-3C3E-A1B6-9C8AE769AC20}
		{ADEFB7E9-1042-342F-B665-DEBB5ED874C5} = {ADEFB7E9-1042-342F-B665-DEBB5ED874C5}
		{18563CF8-3314-37CD-9FF2-946865D840FC} = {18563CF8-3314-37CD-9FF2-946865D840FC}
		{A3C98718-316B-3D4E-ABB7-3B88AB48466F} = {A3C98718-316B-3D4E-ABB7-3B88AB48466F}
		{5305AC61-165F-3F92-B4D1-777F085F481C} = {5305AC61-165F-3F92-B4D1-777F085F481C}
		{81EB0F03-3565-3592-A94E-E106932841F0} = {81EB0F03-3565-3592-A94E-E106932841F0}
		{EDD76B4D-B0C8-36D7-A370-BAA402EDA6C8} = {EDD76B4D-B0C8-36D7-A370-BAA402EDA6C8}
	EndProjectSection
EndProject
Global
	GlobalSection(SolutionConfigurationPlatforms) = preSolution
		Debug|x64 = Debug|x64
		Release|x64 = Release|x64
		MinSizeRel|x64 = MinSizeRel|x64
		RelWithDebInfo|x64 = RelWithDebInfo|x64
	EndGlobalSection
	GlobalSection(ProjectConfigurationPlatforms) = postSolution
		{54F76C09-3A6E-3E9B-AFDA-0461B33AD171}.Debug|x64.ActiveCfg = Debug|x64
		{54F76C09-3A6E-3E9B-AFDA-0461B33AD171}.Release|x64.ActiveCfg = Release|x64
		{54F76C09-3A6E-3E9B-AFDA-0461B33AD171}.MinSizeRel|x64.ActiveCfg = MinSizeRel|x64
		{54F76C09-3A6E-3E9B-AFDA-0461B33AD171}.RelWithDebInfo|x64.ActiveCfg = RelWithDebInfo|x64
		{BA2F224A-60E7-3C3E-A1B6-9C8AE769AC20}.Debug|x64.ActiveCfg = Debug|x64
		{BA2F224A-60E7-3C3E-A1B6-9C8AE769AC20}.Debug|x64.Build.0 = Debug|x64
		{BA2F224A-60E7-3C3E-A1B6-9C8AE769AC20}.Release|x64.ActiveCfg = Release|x64
		{BA2F224A-60E7-3C3E-A1B6-9C8AE769AC20}.Release|x64.Build.0 = Release|x64
		{BA2F224A-60E7-3C3E-A1B6-9C8AE769AC20}.MinSizeRel|x64.ActiveCfg = MinSizeRel|x64
		{BA2F224A-60E7-3C3E-A1B6-9C8AE769AC20}.MinSizeRel|x64.Build.0 = MinSizeRel|x64
		{BA2F224A-60E7-3C3E-A1B6-9C8AE769AC20}.RelWithDebInfo|x64.ActiveCfg = RelWithDebInfo|x64
		{BA2F224A-60E7-3C3E-A1B6-9C8AE769AC20}.RelWithDebInfo|x64.Build.0 = RelWithDebInfo|x64
		{ADEFB7E9-1042-342F-B665-DEBB5ED874C5}.Debug|x64.ActiveCfg = Debug|x64
		{ADEFB7E9-1042-342F-B665-DEBB5ED874C5}.Debug|x64.Build.0 = Debug|x64
		{ADEFB7E9-1042-342F-B665-DEBB5ED874C5}.Release|x64.ActiveCfg = Release|x64
		{ADEFB7E9-1042-342F-B665-DEBB5ED874C5}.Release|x64.Build.0 = Release|x64
		{ADEFB7E9-1042-342F-B665-DEBB5ED874C5}.MinSizeRel|x64.ActiveCfg = MinSizeRel|x64
		{ADEFB7E9-1042-342F-B665-DEBB5ED874C5}.MinSizeRel|x64.Build.0 = MinSizeRel|x64
		{ADEFB7E9-1042-342F-B665-DEBB5ED874C5}.RelWithDebInfo|x64.ActiveCfg = RelWithDebInfo|x64
		{ADEFB7E9-1042-342F-B665-DEBB5ED874C5}.RelWithDebInfo|x64.Build.0 = RelWithDebInfo|x64
		{18563CF8-3314-37CD-9FF2-946865D840FC}.Debug|x64.ActiveCfg = Debug|x64
		{18563CF8-3314-37CD-9FF2-946865D840FC}.Debug|x64.Build.0 = Debug|x64
		{18563CF8-3314-37CD-9FF2-946865D840FC}.Release|x64.ActiveCfg = Release|x64
		{18563CF8-3314-37CD-9FF2-946865D840FC}.Release|x64.Build.0 = Release|x64
		{18563CF8-3314-37CD-9FF2-946865D840FC}.MinSizeRel|x64.ActiveCfg = MinSizeRel|x64
		{18563CF8-3314-37CD-9FF2-946865D840FC}.MinSizeRel|x64.Build.0 = MinSizeRel|x64
		{18563CF8-3314-37CD-9FF2-946865D840FC}.RelWithDebInfo|x64.ActiveCfg = RelWithDebInfo|x64
		{18563CF8-3314-37CD-9FF2-946865D840FC}.RelWithDebInfo|x64.Build.0 = RelWithDebInfo|x64
		{33206496-8A6C-3D5D-98EC-6B5E29E79D5F}.Debug|x64.ActiveCfg = Debug|x64
		{33206496-8A6C-3D5D-98EC-6B5E29E79D5F}.Debug|x64.Build.0 = Debug|x64
		{33206496-8A6C-3D5D-98EC-6B5E29E79D5F}.Release|x64.ActiveCfg = Release|x64
		{33206496-8A6C-3D5D-98EC-6B5E29E79D5F}.Release|x64.Build.0 = Release|x64
		{33206496-8A6C-3D5D-98EC-6B5E29E79D5F}.MinSizeRel|x64.ActiveCfg = MinSizeRel|x64
		{33206496-8A6C-3D5D-98EC-6B5E29E79D5F}.MinSizeRel|x64.Build.0 = MinSizeRel|x64
		{33206496-8A6C-3D5D-98EC-6B5E29E79D5F}.RelWithDebInfo|x64.ActiveCfg = RelWithDebInfo|x64
		{33206496-8A6C-3D5D-98EC-6B5E29E79D5F}.RelWithDebInfo|x64.Build.0 = RelWithDebInfo|x64
		{A3C98718-316B-3D4E-ABB7-3B88AB48466F}.Debug|x64.ActiveCfg = Debug|x64
		{A3C98718-316B-3D4E-ABB7-3B88AB48466F}.Debug|x64.Build.0 = Debug|x64
		{A3C98718-316B-3D4E-ABB7-3B88AB48466F}.Release|x64.ActiveCfg = Release|x64
		{A3C98718-316B-3D4E-ABB7-3B88AB48466F}.Release|x64.Build.0 = Release|x64
		{A3C98718-316B-3D4E-ABB7-3B88AB48466F}.MinSizeRel|x64.ActiveCfg = MinSizeRel|x64
		{A3C98718-316B-3D4E-ABB7-3B88AB48466F}.MinSizeRel|x64.Build.0 = MinSizeRel|x64
		{A3C98718-316B-3D4E-ABB7-3B88AB48466F}.RelWithDebInfo|x64.ActiveCfg = RelWithDebInfo|x64
		{A3C98718-316B-3D4E-ABB7-3B88AB48466F}.RelWithDebInfo|x64.Build.0 = RelWithDebInfo|x64
		{5305AC61-165F-3F92-B4D1-777F085F481C}.Debug|x64.ActiveCfg = Debug|x64
		{5305AC61-165F-3F92-B4D1-777F085F481C}.Debug|x64.Build.0 = Debug|x64
		{5305AC61-165F-3F92-B4D1-777F085F481C}.Release|x64.ActiveCfg = Release|x64
		{5305AC61-165F-3F92-B4D1-777F085F481C}.Release|x64.Build.0 = Release|x64
		{5305AC61-165F-3F92-B4D1-777F085F481C}.MinSizeRel|x64.ActiveCfg = MinSizeRel|x64
		{5305AC61-165F-3F92-B4D1-777F085F481C}.MinSizeRel|x64.Build.0 = MinSizeRel|x64
		{5305AC61-165F-3F92-B4D1-777F085F481C}.RelWithDebInfo|x64.ActiveCfg = RelWithDebInfo|x64
		{5305AC61-165F-3F92-B4D1-777F085F481C}.RelWithDebInfo|x64.Build.0 = RelWithDebInfo|x64
		{81EB0F03-3565-3592-A94E-E106932841F0}.Debug|x64.ActiveCfg = Debug|x64
		{81EB0F03-3565-3592-A94E-E106932841F0}.Debug|x64.Build.0 = Debug|x64
		{81EB0F03-3565-3592-A94E-E106932841F0}.Release|x64.ActiveCfg = Release|x64
		{81EB0F03-3565-3592-A94E-E106932841F0}.Release|x64.Build.0 = Release|x64
		{81EB0F03-3565-3592-A94E-E106932841F0}.MinSizeRel|x64.ActiveCfg = MinSizeRel|x64
		{81EB0F03-3565-3592-A94E-E106932841F0}.MinSizeRel|x64.Build.0 = MinSizeRel|x64
		{81EB0F03-3565-3592-A94E-E106932841F0}.RelWithDebInfo|x64.ActiveCfg = RelWithDebInfo|x64
		{81EB0F03-3565-3592-A94E-E106932841F0}.RelWithDebInfo|x64.Build.0 = RelWithDebInfo|x64
		{EDD76B4D-B0C8-36D7-A370-BAA402EDA6C8}.Debug|x64.ActiveCfg = Debug|x64
		{EDD76B4D-B0C8-36D7-A370-BAA402EDA6C8}.Debug|x64.Build.0 = Debug|x64
		{EDD76B4D-B0C8-36D7-A370-BAA402EDA6C8}.Release|x64.ActiveCfg = Release|x64
		{EDD76B4D-B0C8-36D7-A370-BAA402EDA6C8}.Release|x64.Build.0 = Release|x64
		{EDD76B4D-B0C8-36D7-A370-BAA402EDA6C8}.MinSizeRel|x64.ActiveCfg = MinSizeRel|x64
		{EDD76B4D-B0C8-36D7-A370-BAA402EDA6C8}.MinSizeRel|x64.Build.0 = MinSizeRel|x64
		{EDD76B4D-B0C8-36D7-A370-BAA402EDA6C8}.RelWithDebInfo|x64.ActiveCfg = RelWithDebInfo|x64
		{EDD76B4D-B0C8-36D7-A370-BAA402EDA6C8}.RelWithDebInfo|x64.Build.0 = RelWithDebInfo|x64
		{AF5731C8-984A-3796-BA67-838C12A76D64}.Debug|x64.ActiveCfg = Debug|x64
		{AF5731C8-984A-3796-BA67-838C12A76D64}.Debug|x64.Build.0 = Debug|x64
		{AF5731C8-984A-3796-BA67-838C12A76D64}.Release|x64.ActiveCfg = Release|x64
		{AF5731C8-984A-3796-BA67-838C12A76D64}.Release|x64.Build.0 = Release|x64
		{AF5731C8-984A-3796-BA67-838C12A76D64}.MinSizeRel|x64.ActiveCfg = MinSizeRel|x64
		{AF5731C8-984A-3796-BA67-838C12A76D64}.MinSizeRel|x64.Build.0 = MinSizeRel|x64
		{AF5731C8-984A-3796-BA67-838C12A76D64}.RelWithDebInfo|x64.ActiveCfg = RelWithDebInfo|x64
		{AF5731C8-984A-3796-BA67-838C12A76D64}.RelWithDebInfo|x64.Build.0 = RelWithDebInfo|x64
	EndGlobalSection
	GlobalSection(NestedProjects) = preSolution
		{BA2F224A-60E7-3C3E-A1B6-9C8AE769AC20} = {3FE23DC5-EA43-3A59-A194-8448F98FCEB4}
		{ADEFB7E9-1042-342F-B665-DEBB5ED874C5} = {3FE23DC5-EA43-3A59-A194-8448F98FCEB4}
		{18563CF8-3314-37CD-9FF2-946865D840FC} = {3FE23DC5-EA43-3A59-A194-8448F98FCEB4}
		{54F76C09-3A6E-3E9B-AFDA-0461B33AD171} = {C2A42D8B-1532-3D57-A1C9-124C4CE21DD9}
		{A3C98718-316B-3D4E-ABB7-3B88AB48466F} = {C2A42D8B-1532-3D57-A1C9-124C4CE21DD9}
		{5305AC61-165F-3F92-B4D1-777F085F481C} = {04F5F51A-BBF7-39A2-ABC2-8609A3FB2BAF}
		{81EB0F03-3565-3592-A94E-E106932841F0} = {04F5F51A-BBF7-39A2-ABC2-8609A3FB2BAF}
		{EDD76B4D-B0C8-36D7-A370-BAA402EDA6C8} = {04F5F51A-BBF7-39A2-ABC2-8609A3FB2BAF}
		{AF5731C8-984A-3796-BA67-838C12A76D64} = {04F5F51A-BBF7-39A2-ABC2-8609A3FB2BAF}
	EndGlobalSection
	GlobalSection(ExtensibilityGlobals) = postSolution
		SolutionGuid = {AC9DA31E-B810-384F-A29E-5191D816E2C0}
	EndGlobalSection
	GlobalSection(ExtensibilityAddIns) = postSolution
	EndGlobalSection
EndGlobal
